
Microsoft Visual Studio Solution File, Format Version 12.00
# Visual Studio Version 17
VisualStudioVersion = 17.4.33122.133
MinimumVisualStudioVersion = 10.0.40219.1
Project("{9A19103F-16F7-4668-BE54-9A1E7A4F7556}") = "congestion-tax-calculator-net-core", "congestion-tax-calculator-net-core.csproj", "{A842BBCD-89FC-43A6-816F-32E776C58510}"
EndProject
Project("{9A19103F-16F7-4668-BE54-9A1E7A4F7556}") = "Calculator.UI", "..\Calculator.UI\Calculator.UI.csproj", "{CD0E51CA-C250-4C20-8D43-FD74B41FF4EE}"
EndProject
Project("{9A19103F-16F7-4668-BE54-9A1E7A4F7556}") = "Calculator.Tests", "..\Calculator.Tests\Calculator.Tests.csproj", "{8FF15B20-EE4A-464E-AF31-890E9F21B2AA}"
EndProject
Project("{9A19103F-16F7-4668-BE54-9A1E7A4F7556}") = "Calculator.Infrastructure", "..\Calculator.Infrastructure\Calculator.Infrastructure.csproj", "{74BC09CB-2CE3-432B-9837-E8A2673D1CC0}"
EndProject
Global
	GlobalSection(SolutionConfigurationPlatforms) = preSolution
		Debug|Any CPU = Debug|Any CPU
		Release|Any CPU = Release|Any CPU
	EndGlobalSection
	GlobalSection(ProjectConfigurationPlatforms) = postSolution
		{A842BBCD-89FC-43A6-816F-32E776C58510}.Debug|Any CPU.ActiveCfg = Debug|Any CPU
		{A842BBCD-89FC-43A6-816F-32E776C58510}.Debug|Any CPU.Build.0 = Debug|Any CPU
		{A842BBCD-89FC-43A6-816F-32E776C58510}.Release|Any CPU.ActiveCfg = Release|Any CPU
		{A842BBCD-89FC-43A6-816F-32E776C58510}.Release|Any CPU.Build.0 = Release|Any CPU
		{CD0E51CA-C250-4C20-8D43-FD74B41FF4EE}.Debug|Any CPU.ActiveCfg = Debug|Any CPU
		{CD0E51CA-C250-4C20-8D43-FD74B41FF4EE}.Debug|Any CPU.Build.0 = Debug|Any CPU
		{CD0E51CA-C250-4C20-8D43-FD74B41FF4EE}.Release|Any CPU.ActiveCfg = Release|Any CPU
		{CD0E51CA-C250-4C20-8D43-FD74B41FF4EE}.Release|Any CPU.Build.0 = Release|Any CPU
		{8FF15B20-EE4A-464E-AF31-890E9F21B2AA}.Debug|Any CPU.ActiveCfg = Debug|Any CPU
		{8FF15B20-EE4A-464E-AF31-890E9F21B2AA}.Debug|Any CPU.Build.0 = Debug|Any CPU
		{8FF15B20-EE4A-464E-AF31-890E9F21B2AA}.Release|Any CPU.ActiveCfg = Release|Any CPU
		{8FF15B20-EE4A-464E-AF31-890E9F21B2AA}.Release|Any CPU.Build.0 = Release|Any CPU
		{74BC09CB-2CE3-432B-9837-E8A2673D1CC0}.Debug|Any CPU.ActiveCfg = Debug|Any CPU
		{74BC09CB-2CE3-432B-9837-E8A2673D1CC0}.Debug|Any CPU.Build.0 = Debug|Any CPU
		{74BC09CB-2CE3-432B-9837-E8A2673D1CC0}.Release|Any CPU.ActiveCfg = Release|Any CPU
		{74BC09CB-2CE3-432B-9837-E8A2673D1CC0}.Release|Any CPU.Build.0 = Release|Any CPU
	EndGlobalSection
	GlobalSection(SolutionProperties) = preSolution
		HideSolutionNode = FALSE
	EndGlobalSection
	GlobalSection(ExtensibilityGlobals) = postSolution
		SolutionGuid = {895D80F2-BB68-40B1-87A0-211A43ECD413}
	EndGlobalSection
EndGlobal
